{
    "_readme": [
        "This file locks the dependencies of your project to a known state",
        "Read more about it at http://getcomposer.org/doc/01-basic-usage.md#composer-lock-the-lock-file",
        "This file is @generated automatically"
    ],
    "hash": "7b0048d8c045929732cf78fecd905ea9",
    "packages": [
        {
            "name": "filp/whoops",
            "version": "dev-master",
            "source": {
                "type": "git",
                "url": "https://github.com/filp/whoops.git",
                "reference": "542400d23369c3c9f1ff221858ba4b220bcc4245"
            },
            "dist": {
                "type": "zip",
                "url": "https://api.github.com/repos/filp/whoops/zipball/542400d23369c3c9f1ff221858ba4b220bcc4245",
                "reference": "542400d23369c3c9f1ff221858ba4b220bcc4245",
                "shasum": ""
            },
            "require": {
                "php": ">=5.3.0"
            },
            "require-dev": {
                "mockery/mockery": "0.9.*"
            },
            "type": "library",
            "extra": {
                "branch-alias": {
                    "dev-master": "1.2-dev"
                }
            },
            "autoload": {
                "psr-0": {
                    "Whoops": "src/"
                },
                "classmap": [
                    "src/deprecated"
                ]
            },
            "notification-url": "https://packagist.org/downloads/",
            "license": [
                "MIT"
            ],
            "authors": [
                {
                    "name": "Filipe Dobreira",
                    "homepage": "https://github.com/filp",
                    "role": "Developer"
                }
            ],
            "description": "php error handling for cool kids",
            "homepage": "https://github.com/filp/whoops",
            "keywords": [
                "error",
                "exception",
                "handling",
                "library",
                "silex-provider",
                "whoops",
                "zf2"
            ],
            "time": "2014-11-29 09:19:11"
        }
    ],
    "packages-dev": [],
    "aliases": [],
    "minimum-stability": "dev",
    "stability-flags": {
        "filp/whoops": 20
    },
    "prefer-stable": false,
    "platform": {
        "php": ">=5.3.3"
    },
    "platform-dev": []
}
