{
    "_readme": [
        "This file locks the dependencies of your project to a known state",
        "Read more about it at http://getcomposer.org/doc/01-basic-usage.md#composer-lock-the-lock-file",
        "This file is @generated automatically"
    ],
    "hash": "424fdd5f845fdd843409ccfec6743529",
    "packages": [
        {
            "name": "filp/whoops",
            "version": "dev-master",
            "source": {
                "type": "git",
                "url": "https://github.com/filp/whoops.git",
                "reference": "aa79a8671bcd9e86e1b9163ef44b5a57dfd33942"
            },
            "dist": {
                "type": "zip",
                "url": "https://api.github.com/repos/filp/whoops/zipball/aa79a8671bcd9e86e1b9163ef44b5a57dfd33942",
                "reference": "aa79a8671bcd9e86e1b9163ef44b5a57dfd33942",
                "shasum": ""
            },
            "require": {
                "php": ">=5.3.0"
            },
            "require-dev": {
                "mockery/mockery": "0.9.*"
            },
            "type": "library",
            "extra": {
                "branch-alias": {
                    "dev-master": "1.2-dev"
                }
            },
            "autoload": {
                "psr-0": {
                    "Whoops": "src/"
                },
                "classmap": [
                    "src/deprecated"
                ]
            },
            "notification-url": "https://packagist.org/downloads/",
            "license": [
                "MIT"
            ],
            "authors": [
                {
                    "name": "Filipe Dobreira",
                    "homepage": "https://github.com/filp",
                    "role": "Developer"
                }
            ],
            "description": "php error handling for cool kids",
            "homepage": "https://github.com/filp/whoops",
            "keywords": [
                "error",
                "exception",
                "handling",
                "library",
                "silex-provider",
                "whoops",
                "zf2"
            ],
            "time": "2014-10-16 18:33:18"
        },
        {
            "name": "illuminate/config",
            "version": "dev-master",
            "source": {
                "type": "git",
                "url": "https://github.com/illuminate/config.git",
                "reference": "d5f595f73ea2247dff68d7e69d6719f31e1ab14e"
            },
            "dist": {
                "type": "zip",
                "url": "https://api.github.com/repos/illuminate/config/zipball/d5f595f73ea2247dff68d7e69d6719f31e1ab14e",
                "reference": "d5f595f73ea2247dff68d7e69d6719f31e1ab14e",
                "shasum": ""
            },
            "require": {
                "illuminate/contracts": "5.0.*",
                "illuminate/filesystem": "5.0.*",
                "illuminate/support": "5.0.*",
                "php": ">=5.4.0"
            },
            "type": "library",
            "extra": {
                "branch-alias": {
                    "dev-master": "5.0-dev"
                }
            },
            "autoload": {
                "psr-4": {
                    "Illuminate\\Config\\": ""
                }
            },
            "notification-url": "https://packagist.org/downloads/",
            "license": [
                "MIT"
            ],
            "authors": [
                {
                    "name": "Taylor Otwell",
                    "email": "taylorotwell@gmail.com"
                }
            ],
            "time": "2014-10-08 22:08:22"
        },
        {
            "name": "illuminate/contracts",
            "version": "dev-master",
            "source": {
                "type": "git",
                "url": "https://github.com/illuminate/contracts.git",
                "reference": "d88d39ab386250c6b38e4429fb0502a44ad4c067"
            },
            "dist": {
                "type": "zip",
                "url": "https://api.github.com/repos/illuminate/contracts/zipball/d88d39ab386250c6b38e4429fb0502a44ad4c067",
                "reference": "d88d39ab386250c6b38e4429fb0502a44ad4c067",
                "shasum": ""
            },
            "require": {
                "php": ">=5.4.0"
            },
            "type": "library",
            "extra": {
                "branch-alias": {
                    "dev-master": "5.0-dev"
                }
            },
            "autoload": {
                "psr-4": {
                    "Illuminate\\Contracts\\": ""
                }
            },
            "notification-url": "https://packagist.org/downloads/",
            "license": [
                "MIT"
            ],
            "authors": [
                {
                    "name": "Taylor Otwell",
                    "email": "taylorotwell@gmail.com"
                }
            ],
            "time": "2014-10-20 20:16:41"
        },
        {
            "name": "illuminate/filesystem",
            "version": "dev-master",
            "source": {
                "type": "git",
                "url": "https://github.com/illuminate/filesystem.git",
                "reference": "daa35492bcd0622fa7df32a21e4137fe97e9ca81"
            },
            "dist": {
                "type": "zip",
                "url": "https://api.github.com/repos/illuminate/filesystem/zipball/daa35492bcd0622fa7df32a21e4137fe97e9ca81",
                "reference": "daa35492bcd0622fa7df32a21e4137fe97e9ca81",
                "shasum": ""
            },
            "require": {
                "illuminate/contracts": "5.0.*",
                "illuminate/support": "5.0.*",
                "league/flysystem": "~0.5",
                "php": ">=5.4.0",
                "symfony/finder": "2.6.*"
            },
            "type": "library",
            "extra": {
                "branch-alias": {
                    "dev-master": "5.0-dev"
                }
            },
            "autoload": {
                "psr-4": {
                    "Illuminate\\Filesystem\\": ""
                }
            },
            "notification-url": "https://packagist.org/downloads/",
            "license": [
                "MIT"
            ],
            "authors": [
                {
                    "name": "Taylor Otwell",
                    "email": "taylorotwell@gmail.com"
                }
            ],
            "time": "2014-09-30 13:42:10"
        },
        {
            "name": "illuminate/support",
            "version": "dev-master",
            "source": {
                "type": "git",
                "url": "https://github.com/illuminate/support.git",
                "reference": "fa9b8d7e9f2083b38d19fbad29f4d398bbb5bcf3"
            },
            "dist": {
                "type": "zip",
                "url": "https://api.github.com/repos/illuminate/support/zipball/fa9b8d7e9f2083b38d19fbad29f4d398bbb5bcf3",
                "reference": "fa9b8d7e9f2083b38d19fbad29f4d398bbb5bcf3",
                "shasum": ""
            },
            "require": {
                "illuminate/contracts": "5.0.*",
                "php": ">=5.4.0"
            },
            "require-dev": {
                "jeremeamia/superclosure": "~1.0.1",
                "patchwork/utf8": "~1.1"
            },
            "type": "library",
            "extra": {
                "branch-alias": {
                    "dev-master": "5.0-dev"
                }
            },
            "autoload": {
                "psr-4": {
                    "Illuminate\\Support\\": ""
                },
                "files": [
                    "helpers.php"
                ]
            },
            "notification-url": "https://packagist.org/downloads/",
            "license": [
                "MIT"
            ],
            "authors": [
                {
                    "name": "Taylor Otwell",
                    "email": "taylorotwell@gmail.com"
                }
            ],
            "time": "2014-10-20 16:13:57"
        },
        {
            "name": "league/flysystem",
            "version": "dev-master",
            "source": {
                "type": "git",
                "url": "https://github.com/thephpleague/flysystem.git",
                "reference": "a41d156d767a49a0f66f9c96059d3b9ca224faf7"
            },
            "dist": {
                "type": "zip",
                "url": "https://api.github.com/repos/thephpleague/flysystem/zipball/a41d156d767a49a0f66f9c96059d3b9ca224faf7",
                "reference": "a41d156d767a49a0f66f9c96059d3b9ca224faf7",
                "shasum": ""
            },
            "require": {
                "php": ">=5.4.0"
            },
            "require-dev": {
                "aws/aws-sdk-php": "~2.4",
                "barracuda/copy": "~1.1.4",
                "dropbox/dropbox-sdk": "~1.1.1",
                "ext-fileinfo": "*",
                "guzzlehttp/guzzle": "~4.0",
                "league/event": "~1.0",
                "league/phpunit-coverage-listener": "~1.1",
                "mockery/mockery": "~0.9",
                "phpseclib/phpseclib": "~0.3.5",
                "phpspec/phpspec": "~2.0",
                "phpunit/phpunit": "~4.0",
                "predis/predis": "~1.0",
                "rackspace/php-opencloud": "~1.10.0",
                "sabre/dav": "~2.0.2",
                "tedivm/stash": "~0.12.0"
            },
            "suggest": {
                "aws/aws-sdk-php": "Allows you to use AWS S3 storage",
                "barracuda/copy": "Allows you to use Copy.com storage",
                "dropbox/dropbox-sdk": "Allows you to use Dropbox storage",
                "ext-fileinfo": "Required for MimeType",
                "guzzlehttp/guzzle": "Allows you to use http files (reading only)",
                "league/event": "Required for EventableFilesystem",
                "phpseclib/phpseclib": "Allows SFTP server storage",
                "predis/predis": "Allows you to use Predis for caching",
                "rackspace/php-opencloud": "Allows you to use Rackspace Cloud Files",
                "sabre/dav": "Enables WebDav support",
                "tedivm/stash": "Allows you to use Stash as cache implementation"
            },
            "type": "library",
            "extra": {
                "branch-alias": {
                    "dev-master": "0.5-dev"
                }
            },
            "autoload": {
                "psr-4": {
                    "League\\Flysystem\\": "src/"
                }
            },
            "notification-url": "https://packagist.org/downloads/",
            "license": [
                "MIT"
            ],
            "authors": [
                {
                    "name": "Frank de Jonge",
                    "email": "info@frenky.net"
                }
            ],
            "description": "Filesystem abstraction, but easy.",
            "keywords": [
                "WebDAV",
                "aws",
                "dropbox",
                "file systems",
                "files",
                "filesystem",
                "ftp",
                "remote",
                "s3",
                "sftp",
                "storage"
            ],
            "time": "2014-10-18 15:41:49"
        },
        {
            "name": "symfony/finder",
            "version": "dev-master",
            "target-dir": "Symfony/Component/Finder",
            "source": {
                "type": "git",
                "url": "https://github.com/symfony/Finder.git",
                "reference": "ceb2c693cffbe5255b623b2543456235a25672c1"
            },
            "dist": {
                "type": "zip",
                "url": "https://api.github.com/repos/symfony/Finder/zipball/ceb2c693cffbe5255b623b2543456235a25672c1",
                "reference": "ceb2c693cffbe5255b623b2543456235a25672c1",
                "shasum": ""
            },
            "require": {
                "php": ">=5.3.3"
            },
            "type": "library",
            "extra": {
                "branch-alias": {
                    "dev-master": "2.6-dev"
                }
            },
            "autoload": {
                "psr-0": {
                    "Symfony\\Component\\Finder\\": ""
                }
            },
            "notification-url": "https://packagist.org/downloads/",
            "license": [
                "MIT"
            ],
            "authors": [
                {
                    "name": "Symfony Community",
                    "homepage": "http://symfony.com/contributors"
                },
                {
                    "name": "Fabien Potencier",
                    "email": "fabien@symfony.com"
                }
            ],
            "description": "Symfony Finder Component",
            "homepage": "http://symfony.com",
            "time": "2014-10-01 05:53:11"
        }
    ],
    "packages-dev": [],
    "aliases": [],
    "minimum-stability": "dev",
    "stability-flags": {
        "illuminate/config": 20,
        "filp/whoops": 20
    },
    "prefer-stable": false,
    "platform": {
        "php": ">=5.3.3"
    },
    "platform-dev": []
}
